
Microsoft Visual Studio Solution File, Format Version 12.00
# Visual Studio Version 17
VisualStudioVersion = 17.6.33712.159
MinimumVisualStudioVersion = 10.0.40219.1
Project("{FAE04EC0-301F-11D3-BF4B-00C04F79EFBC}") = "CommandsService", "CommandsService\CommandsService.csproj", "{394F9F8E-DBC9-4FA5-B1E4-069811EF4618}"
EndProject
Project("{2150E333-8FDC-42A3-9474-1A3956D46DE8}") = "K8s", "K8s", "{A14CD6E8-7183-44C0-B110-281E7A905EE2}"
	ProjectSection(SolutionItems) = preProject
		commands-srv-depl.yaml = commands-srv-depl.yaml
	EndProjectSection
EndProject
Global
	GlobalSection(SolutionConfigurationPlatforms) = preSolution
		Debug|Any CPU = Debug|Any CPU
		Release|Any CPU = Release|Any CPU
	EndGlobalSection
	GlobalSection(ProjectConfigurationPlatforms) = postSolution
		{394F9F8E-DBC9-4FA5-B1E4-069811EF4618}.Debug|Any CPU.ActiveCfg = Debug|Any CPU
		{394F9F8E-DBC9-4FA5-B1E4-069811EF4618}.Debug|Any CPU.Build.0 = Debug|Any CPU
		{394F9F8E-DBC9-4FA5-B1E4-069811EF4618}.Release|Any CPU.ActiveCfg = Release|Any CPU
		{394F9F8E-DBC9-4FA5-B1E4-069811EF4618}.Release|Any CPU.Build.0 = Release|Any CPU
	EndGlobalSection
	GlobalSection(SolutionProperties) = preSolution
		HideSolutionNode = FALSE
	EndGlobalSection
	GlobalSection(ExtensibilityGlobals) = postSolution
		SolutionGuid = {1EC02949-E91A-491F-B88C-40C05347BE41}
	EndGlobalSection
EndGlobal
